// !$*UTF8*$!
{
	archiveVersion = 1;
	classes = {
	};
	objectVersion = 50;
	objects = {

/* Begin PBXBuildFile section */
		7D2088ED26288D420035C222 /* AppDelegate.swift in Sources */ = {isa = PBXBuildFile; fileRef = 7D2088EC26288D420035C222 /* AppDelegate.swift */; };
		7D2088EF26288D420035C222 /* SceneDelegate.swift in Sources */ = {isa = PBXBuildFile; fileRef = 7D2088EE26288D420035C222 /* SceneDelegate.swift */; };
		7D2088F126288D420035C222 /* ViewController.swift in Sources */ = {isa = PBXBuildFile; fileRef = 7D2088F026288D420035C222 /* ViewController.swift */; };
		7D2088F426288D420035C222 /* Main.storyboard in Resources */ = {isa = PBXBuildFile; fileRef = 7D2088F226288D420035C222 /* Main.storyboard */; };
		7D2088F726288D420035C222 /* Semana6ColeccionDeJuegos.xcdatamodeld in Sources */ = {isa = PBXBuildFile; fileRef = 7D2088F526288D420035C222 /* Semana6ColeccionDeJuegos.xcdatamodeld */; };
		7D2088F926288D460035C222 /* Assets.xcassets in Resources */ = {isa = PBXBuildFile; fileRef = 7D2088F826288D460035C222 /* Assets.xcassets */; };
		7D2088FC26288D460035C222 /* LaunchScreen.storyboard in Resources */ = {isa = PBXBuildFile; fileRef = 7D2088FA26288D460035C222 /* LaunchScreen.storyboard */; };
		7D208905262B9ACA0035C222 /* JuegoViewController.swift in Sources */ = {isa = PBXBuildFile; fileRef = 7D208904262B9ACA0035C222 /* JuegoViewController.swift */; };
/* End PBXBuildFile section */

/* Begin PBXFileReference section */
		7D2088E926288D420035C222 /* Semana6ColeccionDeJuegos.app */ = {isa = PBXFileReference; explicitFileType = wrapper.application; includeInIndex = 0; path = Semana6ColeccionDeJuegos.app; sourceTree = BUILT_PRODUCTS_DIR; };
		7D2088EC26288D420035C222 /* AppDelegate.swift */ = {isa = PBXFileReference; lastKnownFileType = sourcecode.swift; path = AppDelegate.swift; sourceTree = "<group>"; };
		7D2088EE26288D420035C222 /* SceneDelegate.swift */ = {isa = PBXFileReference; lastKnownFileType = sourcecode.swift; path = SceneDelegate.swift; sourceTree = "<group>"; };
		7D2088F026288D420035C222 /* ViewController.swift */ = {isa = PBXFileReference; lastKnownFileType = sourcecode.swift; path = ViewController.swift; sourceTree = "<group>"; };
		7D2088F326288D420035C222 /* Base */ = {isa = PBXFileReference; lastKnownFileType = file.storyboard; name = Base; path = Base.lproj/Main.storyboard; sourceTree = "<group>"; };
		7D2088F626288D420035C222 /* Semana6ColeccionDeJuegos.xcdatamodel */ = {isa = PBXFileReference; lastKnownFileType = wrapper.xcdatamodel; path = Semana6ColeccionDeJuegos.xcdatamodel; sourceTree = "<group>"; };
		7D2088F826288D460035C222 /* Assets.xcassets */ = {isa = PBXFileReference; lastKnownFileType = folder.assetcatalog; path = Assets.xcassets; sourceTree = "<group>"; };
		7D2088FB26288D460035C222 /* Base */ = {isa = PBXFileReference; lastKnownFileType = file.storyboard; name = Base; path = Base.lproj/LaunchScreen.storyboard; sourceTree = "<group>"; };
		7D2088FD26288D460035C222 /* Info.plist */ = {isa = PBXFileReference; lastKnownFileType = text.plist.xml; path = Info.plist; sourceTree = "<group>"; };
		7D208904262B9ACA0035C222 /* JuegoViewController.swift */ = {isa = PBXFileReference; lastKnownFileType = sourcecode.swift; path = JuegoViewController.swift; sourceTree = "<group>"; };
/* End PBXFileReference section */

/* Begin PBXFrameworksBuildPhase section */
		7D2088E626288D420035C222 /* Frameworks */ = {
			isa = PBXFrameworksBuildPhase;
			buildActionMask = 2147483647;
			files = (
			);
			runOnlyForDeploymentPostprocessing = 0;
		};
/* End PBXFrameworksBuildPhase section */

/* Begin PBXGroup section */
		7D2088E026288D420035C222 = {
			isa = PBXGroup;
			children = (
				7D2088EB26288D420035C222 /* Semana6ColeccionDeJuegos */,
				7D2088EA26288D420035C222 /* Products */,
			);
			sourceTree = "<group>";
		};
		7D2088EA26288D420035C222 /* Products */ = {
			isa = PBXGroup;
			children = (
				7D2088E926288D420035C222 /* Semana6ColeccionDeJuegos.app */,
			);
			name = Products;
			sourceTree = "<group>";
		};
		7D2088EB26288D420035C222 /* Semana6ColeccionDeJuegos */ = {
			isa = PBXGroup;
			children = (
				7D20890C262B9D100035C222 /* Application */,
				7D20890B262B9C2C0035C222 /* Resources */,
				7D20890A262B9C120035C222 /* Models */,
				7D208909262B9C070035C222 /* Views */,
				7D208908262B9BFE0035C222 /* Controllers */,
				7D208907262B9BF60035C222 /* Utils */,
				7D2088FD26288D460035C222 /* Info.plist */,
				7D2088F526288D420035C222 /* Semana6ColeccionDeJuegos.xcdatamodeld */,
			);
			path = Semana6ColeccionDeJuegos;
			sourceTree = "<group>";
		};
		7D208907262B9BF60035C222 /* Utils */ = {
			isa = PBXGroup;
			children = (
			);
			path = Utils;
			sourceTree = "<group>";
		};
		7D208908262B9BFE0035C222 /* Controllers */ = {
			isa = PBXGroup;
			children = (
				7D2088F026288D420035C222 /* ViewController.swift */,
				7D208904262B9ACA0035C222 /* JuegoViewController.swift */,
			);
			path = Controllers;
			sourceTree = "<group>";
		};
		7D208909262B9C070035C222 /* Views */ = {
			isa = PBXGroup;
			children = (
				7D2088F226288D420035C222 /* Main.storyboard */,
				7D2088FA26288D460035C222 /* LaunchScreen.storyboard */,
			);
			path = Views;
			sourceTree = "<group>";
		};
		7D20890A262B9C120035C222 /* Models */ = {
			isa = PBXGroup;
			children = (
			);
			path = Models;
			sourceTree = "<group>";
		};
		7D20890B262B9C2C0035C222 /* Resources */ = {
			isa = PBXGroup;
			children = (
				7D2088F826288D460035C222 /* Assets.xcassets */,
			);
			path = Resources;
			sourceTree = "<group>";
		};
		7D20890C262B9D100035C222 /* Application */ = {
			isa = PBXGroup;
			children = (
				7D2088EC26288D420035C222 /* AppDelegate.swift */,
				7D2088EE26288D420035C222 /* SceneDelegate.swift */,
			);
			path = Application;
			sourceTree = "<group>";
		};
/* End PBXGroup section */

/* Begin PBXNativeTarget section */
		7D2088E826288D420035C222 /* Semana6ColeccionDeJuegos */ = {
			isa = PBXNativeTarget;
			buildConfigurationList = 7D20890026288D460035C222 /* Build configuration list for PBXNativeTarget "Semana6ColeccionDeJuegos" */;
			buildPhases = (
				7D2088E526288D420035C222 /* Sources */,
				7D2088E626288D420035C222 /* Frameworks */,
				7D2088E726288D420035C222 /* Resources */,
			);
			buildRules = (
			);
			dependencies = (
			);
			name = Semana6ColeccionDeJuegos;
			productName = Semana6ColeccionDeJuegos;
			productReference = 7D2088E926288D420035C222 /* Semana6ColeccionDeJuegos.app */;
			productType = "com.apple.product-type.application";
		};
/* End PBXNativeTarget section */

/* Begin PBXProject section */
		7D2088E126288D420035C222 /* Project object */ = {
			isa = PBXProject;
			attributes = {
				LastSwiftUpdateCheck = 1240;
				LastUpgradeCheck = 1240;
				TargetAttributes = {
					7D2088E826288D420035C222 = {
						CreatedOnToolsVersion = 12.4;
					};
				};
			};
			buildConfigurationList = 7D2088E426288D420035C222 /* Build configuration list for PBXProject "Semana6ColeccionDeJuegos" */;
			compatibilityVersion = "Xcode 9.3";
			developmentRegion = en;
			hasScannedForEncodings = 0;
			knownRegions = (
				en,
				Base,
			);
			mainGroup = 7D2088E026288D420035C222;
			productRefGroup = 7D2088EA26288D420035C222 /* Products */;
			projectDirPath = "";
			projectRoot = "";
			targets = (
				7D2088E826288D420035C222 /* Semana6ColeccionDeJuegos */,
			);
		};
/* End PBXProject section */

/* Begin PBXResourcesBuildPhase section */
		7D2088E726288D420035C222 /* Resources */ = {
			isa = PBXResourcesBuildPhase;
			buildActionMask = 2147483647;
			files = (
				7D2088FC26288D460035C222 /* LaunchScreen.storyboard in Resources */,
				7D2088F926288D460035C222 /* Assets.xcassets in Resources */,
				7D2088F426288D420035C222 /* Main.storyboard in Resources */,
			);
			runOnlyForDeploymentPostprocessing = 0;
		};
/* End PBXResourcesBuildPhase section */

/* Begin PBXSourcesBuildPhase section */
		7D2088E526288D420035C222 /* Sources */ = {
			isa = PBXSourcesBuildPhase;
			buildActionMask = 2147483647;
			files = (
				7D2088F126288D420035C222 /* ViewController.swift in Sources */,
				7D2088F726288D420035C222 /* Semana6ColeccionDeJuegos.xcdatamodeld in Sources */,
				7D2088ED26288D420035C222 /* AppDelegate.swift in Sources */,
				7D208905262B9ACA0035C222 /* JuegoViewController.swift in Sources */,
				7D2088EF26288D420035C222 /* SceneDelegate.swift in Sources */,
			);
			runOnlyForDeploymentPostprocessing = 0;
		};
/* End PBXSourcesBuildPhase section */

/* Begin PBXVariantGroup section */
		7D2088F226288D420035C222 /* Main.storyboard */ = {
			isa = PBXVariantGroup;
			children = (
				7D2088F326288D420035C222 /* Base */,
			);
			name = Main.storyboard;
			sourceTree = "<group>";
		};
		7D2088FA26288D460035C222 /* LaunchScreen.storyboard */ = {
			isa = PBXVariantGroup;
			children = (
				7D2088FB26288D460035C222 /* Base */,
			);
			name = LaunchScreen.storyboard;
			sourceTree = "<group>";
		};
/* End PBXVariantGroup section */

/* Begin XCBuildConfiguration section */
		7D2088FE26288D460035C222 /* Debug */ = {
			isa = XCBuildConfiguration;
			buildSettings = {
				ALWAYS_SEARCH_USER_PATHS = NO;
				CLANG_ANALYZER_NONNULL = YES;
				CLANG_ANALYZER_NUMBER_OBJECT_CONVERSION = YES_AGGRESSIVE;
				CLANG_CXX_LANGUAGE_STANDARD = "gnu++14";
				CLANG_CXX_LIBRARY = "libc++";
				CLANG_ENABLE_MODULES = YES;
				CLANG_ENABLE_OBJC_ARC = YES;
				CLANG_ENABLE_OBJC_WEAK = YES;
				CLANG_WARN_BLOCK_CAPTURE_AUTORELEASING = YES;
				CLANG_WARN_BOOL_CONVERSION = YES;
				CLANG_WARN_COMMA = YES;
				CLANG_WARN_CONSTANT_CONVERSION = YES;
				CLANG_WARN_DEPRECATED_OBJC_IMPLEMENTATIONS = YES;
				CLANG_WARN_DIRECT_OBJC_ISA_USAGE = YES_ERROR;
				CLANG_WARN_DOCUMENTATION_COMMENTS = YES;
				CLANG_WARN_EMPTY_BODY = YES;
				CLANG_WARN_ENUM_CONVERSION = YES;
				CLANG_WARN_INFINITE_RECURSION = YES;
				CLANG_WARN_INT_CONVERSION = YES;
				CLANG_WARN_NON_LITERAL_NULL_CONVERSION = YES;
				CLANG_WARN_OBJC_IMPLICIT_RETAIN_SELF = YES;
				CLANG_WARN_OBJC_LITERAL_CONVERSION = YES;
				CLANG_WARN_OBJC_ROOT_CLASS = YES_ERROR;
				CLANG_WARN_QUOTED_INCLUDE_IN_FRAMEWORK_HEADER = YES;
				CLANG_WARN_RANGE_LOOP_ANALYSIS = YES;
				CLANG_WARN_STRICT_PROTOTYPES = YES;
				CLANG_WARN_SUSPICIOUS_MOVE = YES;
				CLANG_WARN_UNGUARDED_AVAILABILITY = YES_AGGRESSIVE;
				CLANG_WARN_UNREACHABLE_CODE = YES;
				CLANG_WARN__DUPLICATE_METHOD_MATCH = YES;
				COPY_PHASE_STRIP = NO;
				DEBUG_INFORMATION_FORMAT = dwarf;
				ENABLE_STRICT_OBJC_MSGSEND = YES;
				ENABLE_TESTABILITY = YES;
				GCC_C_LANGUAGE_STANDARD = gnu11;
				GCC_DYNAMIC_NO_PIC = NO;
				GCC_NO_COMMON_BLOCKS = YES;
				GCC_OPTIMIZATION_LEVEL = 0;
				GCC_PREPROCESSOR_DEFINITIONS = (
					"DEBUG=1",
					"$(inherited)",
				);
				GCC_WARN_64_TO_32_BIT_CONVERSION = YES;
				GCC_WARN_ABOUT_RETURN_TYPE = YES_ERROR;
				GCC_WARN_UNDECLARED_SELECTOR = YES;
				GCC_WARN_UNINITIALIZED_AUTOS = YES_AGGRESSIVE;
				GCC_WARN_UNUSED_FUNCTION = YES;
				GCC_WARN_UNUSED_VARIABLE = YES;
				IPHONEOS_DEPLOYMENT_TARGET = 14.4;
				MTL_ENABLE_DEBUG_INFO = INCLUDE_SOURCE;
				MTL_FAST_MATH = YES;
				ONLY_ACTIVE_ARCH = YES;
				SDKROOT = iphoneos;
				SWIFT_ACTIVE_COMPILATION_CONDITIONS = DEBUG;
				SWIFT_OPTIMIZATION_LEVEL = "-Onone";
			};
			name = Debug;
		};
		7D2088FF26288D460035C222 /* Release */ = {
			isa = XCBuildConfiguration;
			buildSettings = {
				ALWAYS_SEARCH_USER_PATHS = NO;
				CLANG_ANALYZER_NONNULL = YES;
				CLANG_ANALYZER_NUMBER_OBJECT_CONVERSION = YES_AGGRESSIVE;
				CLANG_CXX_LANGUAGE_STANDARD = "gnu++14";
				CLANG_CXX_LIBRARY = "libc++";
				CLANG_ENABLE_MODULES = YES;
				CLANG_ENABLE_OBJC_ARC = YES;
				CLANG_ENABLE_OBJC_WEAK = YES;
				CLANG_WARN_BLOCK_CAPTURE_AUTORELEASING = YES;
				CLANG_WARN_BOOL_CONVERSION = YES;
				CLANG_WARN_COMMA = YES;
				CLANG_WARN_CONSTANT_CONVERSION = YES;
				CLANG_WARN_DEPRECATED_OBJC_IMPLEMENTATIONS = YES;
				CLANG_WARN_DIRECT_OBJC_ISA_USAGE = YES_ERROR;
				CLANG_WARN_DOCUMENTATION_COMMENTS = YES;
				CLANG_WARN_EMPTY_BODY = YES;
				CLANG_WARN_ENUM_CONVERSION = YES;
				CLANG_WARN_INFINITE_RECURSION = YES;
				CLANG_WARN_INT_CONVERSION = YES;
				CLANG_WARN_NON_LITERAL_NULL_CONVERSION = YES;
				CLANG_WARN_OBJC_IMPLICIT_RETAIN_SELF = YES;
				CLANG_WARN_OBJC_LITERAL_CONVERSION = YES;
				CLANG_WARN_OBJC_ROOT_CLASS = YES_ERROR;
				CLANG_WARN_QUOTED_INCLUDE_IN_FRAMEWORK_HEADER = YES;
				CLANG_WARN_RANGE_LOOP_ANALYSIS = YES;
				CLANG_WARN_STRICT_PROTOTYPES = YES;
				CLANG_WARN_SUSPICIOUS_MOVE = YES;
				CLANG_WARN_UNGUARDED_AVAILABILITY = YES_AGGRESSIVE;
				CLANG_WARN_UNREACHABLE_CODE = YES;
				CLANG_WARN__DUPLICATE_METHOD_MATCH = YES;
				COPY_PHASE_STRIP = NO;
				DEBUG_INFORMATION_FORMAT = "dwarf-with-dsym";
				ENABLE_NS_ASSERTIONS = NO;
				ENABLE_STRICT_OBJC_MSGSEND = YES;
				GCC_C_LANGUAGE_STANDARD = gnu11;
				GCC_NO_COMMON_BLOCKS = YES;
				GCC_WARN_64_TO_32_BIT_CONVERSION = YES;
				GCC_WARN_ABOUT_RETURN_TYPE = YES_ERROR;
				GCC_WARN_UNDECLARED_SELECTOR = YES;
				GCC_WARN_UNINITIALIZED_AUTOS = YES_AGGRESSIVE;
				GCC_WARN_UNUSED_FUNCTION = YES;
				GCC_WARN_UNUSED_VARIABLE = YES;
				IPHONEOS_DEPLOYMENT_TARGET = 14.4;
				MTL_ENABLE_DEBUG_INFO = NO;
				MTL_FAST_MATH = YES;
				SDKROOT = iphoneos;
				SWIFT_COMPILATION_MODE = wholemodule;
				SWIFT_OPTIMIZATION_LEVEL = "-O";
				VALIDATE_PRODUCT = YES;
			};
			name = Release;
		};
		7D20890126288D460035C222 /* Debug */ = {
			isa = XCBuildConfiguration;
			buildSettings = {
				ASSETCATALOG_COMPILER_APPICON_NAME = AppIcon;
				ASSETCATALOG_COMPILER_GLOBAL_ACCENT_COLOR_NAME = AccentColor;
				CODE_SIGN_STYLE = Automatic;
				DEVELOPMENT_TEAM = 9S2K9R4LBJ;
				INFOPLIST_FILE = Semana6ColeccionDeJuegos/Info.plist;
				LD_RUNPATH_SEARCH_PATHS = (
					"$(inherited)",
					"@executable_path/Frameworks",
				);
				PRODUCT_BUNDLE_IDENTIFIER = com.tecsup.Semana6ColeccionDeJuegos;
				PRODUCT_NAME = "$(TARGET_NAME)";
				SWIFT_VERSION = 5.0;
				TARGETED_DEVICE_FAMILY = "1,2";
			};
			name = Debug;
		};
		7D20890226288D460035C222 /* Release */ = {
			isa = XCBuildConfiguration;
			buildSettings = {
				ASSETCATALOG_COMPILER_APPICON_NAME = AppIcon;
				ASSETCATALOG_COMPILER_GLOBAL_ACCENT_COLOR_NAME = AccentColor;
				CODE_SIGN_STYLE = Automatic;
				DEVELOPMENT_TEAM = 9S2K9R4LBJ;
				INFOPLIST_FILE = Semana6ColeccionDeJuegos/Info.plist;
				LD_RUNPATH_SEARCH_PATHS = (
					"$(inherited)",
					"@executable_path/Frameworks",
				);
				PRODUCT_BUNDLE_IDENTIFIER = com.tecsup.Semana6ColeccionDeJuegos;
				PRODUCT_NAME = "$(TARGET_NAME)";
				SWIFT_VERSION = 5.0;
				TARGETED_DEVICE_FAMILY = "1,2";
			};
			name = Release;
		};
/* End XCBuildConfiguration section */

/* Begin XCConfigurationList section */
		7D2088E426288D420035C222 /* Build configuration list for PBXProject "Semana6ColeccionDeJuegos" */ = {
			isa = XCConfigurationList;
			buildConfigurations = (
				7D2088FE26288D460035C222 /* Debug */,
				7D2088FF26288D460035C222 /* Release */,
			);
			defaultConfigurationIsVisible = 0;
			defaultConfigurationName = Release;
		};
		7D20890026288D460035C222 /* Build configuration list for PBXNativeTarget "Semana6ColeccionDeJuegos" */ = {
			isa = XCConfigurationList;
			buildConfigurations = (
				7D20890126288D460035C222 /* Debug */,
				7D20890226288D460035C222 /* Release */,
			);
			defaultConfigurationIsVisible = 0;
			defaultConfigurationName = Release;
		};
/* End XCConfigurationList section */

/* Begin XCVersionGroup section */
		7D2088F526288D420035C222 /* Semana6ColeccionDeJuegos.xcdatamodeld */ = {
			isa = XCVersionGroup;
			children = (
				7D2088F626288D420035C222 /* Semana6ColeccionDeJuegos.xcdatamodel */,
			);
			currentVersion = 7D2088F626288D420035C222 /* Semana6ColeccionDeJuegos.xcdatamodel */;
			path = Semana6ColeccionDeJuegos.xcdatamodeld;
			sourceTree = "<group>";
			versionGroupType = wrapper.xcdatamodel;
		};
/* End XCVersionGroup section */
	};
	rootObject = 7D2088E126288D420035C222 /* Project object */;
}
